{
  "requires": true,
  "lockfileVersion": 1,
  "dependencies": {
    "axios": {
      "version": "0.22.0",
      "resolved": "https://registry.npmmirror.com/axios/download/axios-0.22.0.tgz?cache=0&sync_timestamp=1633067737907&other_urls=https%3A%2F%2Fregistry.npmmirror.com%2Faxios%2Fdownload%2Faxios-0.22.0.tgz",
      "integrity": "sha1-v3AsQftQ+8pFOVidg5oHcRe3myU=",
      "requires": {
        "follow-redirects": "^1.14.4"
      }
    },
    "follow-redirects": {
      "version": "1.14.4",
      "resolved": "https://registry.nlark.com/follow-redirects/download/follow-redirects-1.14.4.tgz",
      "integrity": "sha1-g4/fSKi73XnlLuUfsclOPtmLk3k="
    }
  }
}
